
Microsoft Visual Studio Solution File, Format Version 12.00
# Visual Studio Version 17
VisualStudioVersion = 17.4.33103.184
MinimumVisualStudioVersion = 10.0.40219.1
Project("{FAE04EC0-301F-11D3-BF4B-00C04F79EFBC}") = "Day09", "Day09.csproj", "{93FB625A-D718-4820-BA0F-35A6151B50F7}"
EndProject
Global
	GlobalSection(SolutionConfigurationPlatforms) = preSolution
		Debug|Any CPU = Debug|Any CPU
		Release|Any CPU = Release|Any CPU
	EndGlobalSection
	GlobalSection(ProjectConfigurationPlatforms) = postSolution
		{93FB625A-D718-4820-BA0F-35A6151B50F7}.Debug|Any CPU.ActiveCfg = Debug|Any CPU
		{93FB625A-D718-4820-BA0F-35A6151B50F7}.Debug|Any CPU.Build.0 = Debug|Any CPU
		{93FB625A-D718-4820-BA0F-35A6151B50F7}.Release|Any CPU.ActiveCfg = Release|Any CPU
		{93FB625A-D718-4820-BA0F-35A6151B50F7}.Release|Any CPU.Build.0 = Release|Any CPU
	EndGlobalSection
	GlobalSection(SolutionProperties) = preSolution
		HideSolutionNode = FALSE
	EndGlobalSection
	GlobalSection(ExtensibilityGlobals) = postSolution
		SolutionGuid = {95FAA6F9-9884-4E98-BA70-CE20414ACDDA}
	EndGlobalSection
EndGlobal
